
Microsoft Visual Studio Solution File, Format Version 12.00
# Visual Studio Version 16
VisualStudioVersion = 16.0.31424.327
MinimumVisualStudioVersion = 10.0.40219.1
Project("{FAE04EC0-301F-11D3-BF4B-00C04F79EFBC}") = "Info", "Info.csproj", "{7A5D1823-BA1C-4589-A2EE-614444F32842}"
EndProject
Global
	GlobalSection(SolutionConfigurationPlatforms) = preSolution
		Debug|Any CPU = Debug|Any CPU
		Release|Any CPU = Release|Any CPU
	EndGlobalSection
	GlobalSection(ProjectConfigurationPlatforms) = postSolution
		{7A5D1823-BA1C-4589-A2EE-614444F32842}.Debug|Any CPU.ActiveCfg = Debug|Any CPU
		{7A5D1823-BA1C-4589-A2EE-614444F32842}.Debug|Any CPU.Build.0 = Debug|Any CPU
		{7A5D1823-BA1C-4589-A2EE-614444F32842}.Release|Any CPU.ActiveCfg = Release|Any CPU
		{7A5D1823-BA1C-4589-A2EE-614444F32842}.Release|Any CPU.Build.0 = Release|Any CPU
	EndGlobalSection
	GlobalSection(SolutionProperties) = preSolution
		HideSolutionNode = FALSE
	EndGlobalSection
	GlobalSection(ExtensibilityGlobals) = postSolution
		SolutionGuid = {A917346D-61A0-4249-B53C-BDF46E63DF25}
	EndGlobalSection
EndGlobal
